// !$*UTF8*$!
{
	archiveVersion = 1;
	classes = {
	};
	objectVersion = 50;
	objects = {

/* Begin PBXBuildFile section */
		2818488D252F2A2D004CA7C5 /* AppDelegate.swift in Sources */ = {isa = PBXBuildFile; fileRef = 2818488C252F2A2D004CA7C5 /* AppDelegate.swift */; };
		2818488F252F2A2D004CA7C5 /* SceneDelegate.swift in Sources */ = {isa = PBXBuildFile; fileRef = 2818488E252F2A2D004CA7C5 /* SceneDelegate.swift */; };
		28184891252F2A2D004CA7C5 /* ViewController.swift in Sources */ = {isa = PBXBuildFile; fileRef = 28184890252F2A2D004CA7C5 /* ViewController.swift */; };
		28184894252F2A2D004CA7C5 /* Main.storyboard in Resources */ = {isa = PBXBuildFile; fileRef = 28184892252F2A2D004CA7C5 /* Main.storyboard */; };
		28184896252F2A30004CA7C5 /* Assets.xcassets in Resources */ = {isa = PBXBuildFile; fileRef = 28184895252F2A30004CA7C5 /* Assets.xcassets */; };
		28184899252F2A30004CA7C5 /* LaunchScreen.storyboard in Resources */ = {isa = PBXBuildFile; fileRef = 28184897252F2A30004CA7C5 /* LaunchScreen.storyboard */; };
		281848A4252F2A30004CA7C5 /* CW6___TrackListAppTests.swift in Sources */ = {isa = PBXBuildFile; fileRef = 281848A3252F2A30004CA7C5 /* CW6___TrackListAppTests.swift */; };
		281848AF252F2A30004CA7C5 /* CW6___TrackListAppUITests.swift in Sources */ = {isa = PBXBuildFile; fileRef = 281848AE252F2A30004CA7C5 /* CW6___TrackListAppUITests.swift */; };
/* End PBXBuildFile section */

/* Begin PBXContainerItemProxy section */
		281848A0252F2A30004CA7C5 /* PBXContainerItemProxy */ = {
			isa = PBXContainerItemProxy;
			containerPortal = 28184881252F2A2D004CA7C5 /* Project object */;
			proxyType = 1;
			remoteGlobalIDString = 28184888252F2A2D004CA7C5;
			remoteInfo = "CW6 - TrackListApp";
		};
		281848AB252F2A30004CA7C5 /* PBXContainerItemProxy */ = {
			isa = PBXContainerItemProxy;
			containerPortal = 28184881252F2A2D004CA7C5 /* Project object */;
			proxyType = 1;
			remoteGlobalIDString = 28184888252F2A2D004CA7C5;
			remoteInfo = "CW6 - TrackListApp";
		};
/* End PBXContainerItemProxy section */

/* Begin PBXFileReference section */
		28184889252F2A2D004CA7C5 /* CW6 - TrackListApp.app */ = {isa = PBXFileReference; explicitFileType = wrapper.application; includeInIndex = 0; path = "CW6 - TrackListApp.app"; sourceTree = BUILT_PRODUCTS_DIR; };
		2818488C252F2A2D004CA7C5 /* AppDelegate.swift */ = {isa = PBXFileReference; lastKnownFileType = sourcecode.swift; path = AppDelegate.swift; sourceTree = "<group>"; };
		2818488E252F2A2D004CA7C5 /* SceneDelegate.swift */ = {isa = PBXFileReference; lastKnownFileType = sourcecode.swift; path = SceneDelegate.swift; sourceTree = "<group>"; };
		28184890252F2A2D004CA7C5 /* ViewController.swift */ = {isa = PBXFileReference; lastKnownFileType = sourcecode.swift; path = ViewController.swift; sourceTree = "<group>"; };
		28184893252F2A2D004CA7C5 /* Base */ = {isa = PBXFileReference; lastKnownFileType = file.storyboard; name = Base; path = Base.lproj/Main.storyboard; sourceTree = "<group>"; };
		28184895252F2A30004CA7C5 /* Assets.xcassets */ = {isa = PBXFileReference; lastKnownFileType = folder.assetcatalog; path = Assets.xcassets; sourceTree = "<group>"; };
		28184898252F2A30004CA7C5 /* Base */ = {isa = PBXFileReference; lastKnownFileType = file.storyboard; name = Base; path = Base.lproj/LaunchScreen.storyboard; sourceTree = "<group>"; };
		2818489A252F2A30004CA7C5 /* Info.plist */ = {isa = PBXFileReference; lastKnownFileType = text.plist.xml; path = Info.plist; sourceTree = "<group>"; };
		2818489F252F2A30004CA7C5 /* CW6 - TrackListAppTests.xctest */ = {isa = PBXFileReference; explicitFileType = wrapper.cfbundle; includeInIndex = 0; path = "CW6 - TrackListAppTests.xctest"; sourceTree = BUILT_PRODUCTS_DIR; };
		281848A3252F2A30004CA7C5 /* CW6___TrackListAppTests.swift */ = {isa = PBXFileReference; lastKnownFileType = sourcecode.swift; path = "CW6___TrackListAppTests.swift"; sourceTree = "<group>"; };
		281848A5252F2A30004CA7C5 /* Info.plist */ = {isa = PBXFileReference; lastKnownFileType = text.plist.xml; path = Info.plist; sourceTree = "<group>"; };
		281848AA252F2A30004CA7C5 /* CW6 - TrackListAppUITests.xctest */ = {isa = PBXFileReference; explicitFileType = wrapper.cfbundle; includeInIndex = 0; path = "CW6 - TrackListAppUITests.xctest"; sourceTree = BUILT_PRODUCTS_DIR; };
		281848AE252F2A30004CA7C5 /* CW6___TrackListAppUITests.swift */ = {isa = PBXFileReference; lastKnownFileType = sourcecode.swift; path = "CW6___TrackListAppUITests.swift"; sourceTree = "<group>"; };
		281848B0252F2A30004CA7C5 /* Info.plist */ = {isa = PBXFileReference; lastKnownFileType = text.plist.xml; path = Info.plist; sourceTree = "<group>"; };
/* End PBXFileReference section */

/* Begin PBXFrameworksBuildPhase section */
		28184886252F2A2D004CA7C5 /* Frameworks */ = {
			isa = PBXFrameworksBuildPhase;
			buildActionMask = 2147483647;
			files = (
			);
			runOnlyForDeploymentPostprocessing = 0;
		};
		2818489C252F2A30004CA7C5 /* Frameworks */ = {
			isa = PBXFrameworksBuildPhase;
			buildActionMask = 2147483647;
			files = (
			);
			runOnlyForDeploymentPostprocessing = 0;
		};
		281848A7252F2A30004CA7C5 /* Frameworks */ = {
			isa = PBXFrameworksBuildPhase;
			buildActionMask = 2147483647;
			files = (
			);
			runOnlyForDeploymentPostprocessing = 0;
		};
/* End PBXFrameworksBuildPhase section */

/* Begin PBXGroup section */
		28184880252F2A2D004CA7C5 = {
			isa = PBXGroup;
			children = (
				2818488B252F2A2D004CA7C5 /* CW6 - TrackListApp */,
				281848A2252F2A30004CA7C5 /* CW6 - TrackListAppTests */,
				281848AD252F2A30004CA7C5 /* CW6 - TrackListAppUITests */,
				2818488A252F2A2D004CA7C5 /* Products */,
			);
			sourceTree = "<group>";
		};
		2818488A252F2A2D004CA7C5 /* Products */ = {
			isa = PBXGroup;
			children = (
				28184889252F2A2D004CA7C5 /* CW6 - TrackListApp.app */,
				2818489F252F2A30004CA7C5 /* CW6 - TrackListAppTests.xctest */,
				281848AA252F2A30004CA7C5 /* CW6 - TrackListAppUITests.xctest */,
			);
			name = Products;
			sourceTree = "<group>";
		};
		2818488B252F2A2D004CA7C5 /* CW6 - TrackListApp */ = {
			isa = PBXGroup;
			children = (
				2818488C252F2A2D004CA7C5 /* AppDelegate.swift */,
				2818488E252F2A2D004CA7C5 /* SceneDelegate.swift */,
				28184890252F2A2D004CA7C5 /* ViewController.swift */,
				28184892252F2A2D004CA7C5 /* Main.storyboard */,
				28184895252F2A30004CA7C5 /* Assets.xcassets */,
				28184897252F2A30004CA7C5 /* LaunchScreen.storyboard */,
				2818489A252F2A30004CA7C5 /* Info.plist */,
			);
			path = "CW6 - TrackListApp";
			sourceTree = "<group>";
		};
		281848A2252F2A30004CA7C5 /* CW6 - TrackListAppTests */ = {
			isa = PBXGroup;
			children = (
				281848A3252F2A30004CA7C5 /* CW6___TrackListAppTests.swift */,
				281848A5252F2A30004CA7C5 /* Info.plist */,
			);
			path = "CW6 - TrackListAppTests";
			sourceTree = "<group>";
		};
		281848AD252F2A30004CA7C5 /* CW6 - TrackListAppUITests */ = {
			isa = PBXGroup;
			children = (
				281848AE252F2A30004CA7C5 /* CW6___TrackListAppUITests.swift */,
				281848B0252F2A30004CA7C5 /* Info.plist */,
			);
			path = "CW6 - TrackListAppUITests";
			sourceTree = "<group>";
		};
/* End PBXGroup section */

/* Begin PBXNativeTarget section */
		28184888252F2A2D004CA7C5 /* CW6 - TrackListApp */ = {
			isa = PBXNativeTarget;
			buildConfigurationList = 281848B3252F2A30004CA7C5 /* Build configuration list for PBXNativeTarget "CW6 - TrackListApp" */;
			buildPhases = (
				28184885252F2A2D004CA7C5 /* Sources */,
				28184886252F2A2D004CA7C5 /* Frameworks */,
				28184887252F2A2D004CA7C5 /* Resources */,
			);
			buildRules = (
			);
			dependencies = (
			);
			name = "CW6 - TrackListApp";
			productName = "CW6 - TrackListApp";
			productReference = 28184889252F2A2D004CA7C5 /* CW6 - TrackListApp.app */;
			productType = "com.apple.product-type.application";
		};
		2818489E252F2A30004CA7C5 /* CW6 - TrackListAppTests */ = {
			isa = PBXNativeTarget;
			buildConfigurationList = 281848B6252F2A30004CA7C5 /* Build configuration list for PBXNativeTarget "CW6 - TrackListAppTests" */;
			buildPhases = (
				2818489B252F2A30004CA7C5 /* Sources */,
				2818489C252F2A30004CA7C5 /* Frameworks */,
				2818489D252F2A30004CA7C5 /* Resources */,
			);
			buildRules = (
			);
			dependencies = (
				281848A1252F2A30004CA7C5 /* PBXTargetDependency */,
			);
			name = "CW6 - TrackListAppTests";
			productName = "CW6 - TrackListAppTests";
			productReference = 2818489F252F2A30004CA7C5 /* CW6 - TrackListAppTests.xctest */;
			productType = "com.apple.product-type.bundle.unit-test";
		};
		281848A9252F2A30004CA7C5 /* CW6 - TrackListAppUITests */ = {
			isa = PBXNativeTarget;
			buildConfigurationList = 281848B9252F2A30004CA7C5 /* Build configuration list for PBXNativeTarget "CW6 - TrackListAppUITests" */;
			buildPhases = (
				281848A6252F2A30004CA7C5 /* Sources */,
				281848A7252F2A30004CA7C5 /* Frameworks */,
				281848A8252F2A30004CA7C5 /* Resources */,
			);
			buildRules = (
			);
			dependencies = (
				281848AC252F2A30004CA7C5 /* PBXTargetDependency */,
			);
			name = "CW6 - TrackListAppUITests";
			productName = "CW6 - TrackListAppUITests";
			productReference = 281848AA252F2A30004CA7C5 /* CW6 - TrackListAppUITests.xctest */;
			productType = "com.apple.product-type.bundle.ui-testing";
		};
/* End PBXNativeTarget section */

/* Begin PBXProject section */
		28184881252F2A2D004CA7C5 /* Project object */ = {
			isa = PBXProject;
			attributes = {
				LastSwiftUpdateCheck = 1200;
				LastUpgradeCheck = 1200;
				TargetAttributes = {
					28184888252F2A2D004CA7C5 = {
						CreatedOnToolsVersion = 12.0.1;
					};
					2818489E252F2A30004CA7C5 = {
						CreatedOnToolsVersion = 12.0.1;
						TestTargetID = 28184888252F2A2D004CA7C5;
					};
					281848A9252F2A30004CA7C5 = {
						CreatedOnToolsVersion = 12.0.1;
						TestTargetID = 28184888252F2A2D004CA7C5;
					};
				};
			};
			buildConfigurationList = 28184884252F2A2D004CA7C5 /* Build configuration list for PBXProject "CW6 - TrackListApp" */;
			compatibilityVersion = "Xcode 9.3";
			developmentRegion = en;
			hasScannedForEncodings = 0;
			knownRegions = (
				en,
				Base,
			);
			mainGroup = 28184880252F2A2D004CA7C5;
			productRefGroup = 2818488A252F2A2D004CA7C5 /* Products */;
			projectDirPath = "";
			projectRoot = "";
			targets = (
				28184888252F2A2D004CA7C5 /* CW6 - TrackListApp */,
				2818489E252F2A30004CA7C5 /* CW6 - TrackListAppTests */,
				281848A9252F2A30004CA7C5 /* CW6 - TrackListAppUITests */,
			);
		};
/* End PBXProject section */

/* Begin PBXResourcesBuildPhase section */
		28184887252F2A2D004CA7C5 /* Resources */ = {
			isa = PBXResourcesBuildPhase;
			buildActionMask = 2147483647;
			files = (
				28184899252F2A30004CA7C5 /* LaunchScreen.storyboard in Resources */,
				28184896252F2A30004CA7C5 /* Assets.xcassets in Resources */,
				28184894252F2A2D004CA7C5 /* Main.storyboard in Resources */,
			);
			runOnlyForDeploymentPostprocessing = 0;
		};
		2818489D252F2A30004CA7C5 /* Resources */ = {
			isa = PBXResourcesBuildPhase;
			buildActionMask = 2147483647;
			files = (
			);
			runOnlyForDeploymentPostprocessing = 0;
		};
		281848A8252F2A30004CA7C5 /* Resources */ = {
			isa = PBXResourcesBuildPhase;
			buildActionMask = 2147483647;
			files = (
			);
			runOnlyForDeploymentPostprocessing = 0;
		};
/* End PBXResourcesBuildPhase section */

/* Begin PBXSourcesBuildPhase section */
		28184885252F2A2D004CA7C5 /* Sources */ = {
			isa = PBXSourcesBuildPhase;
			buildActionMask = 2147483647;
			files = (
				28184891252F2A2D004CA7C5 /* ViewController.swift in Sources */,
				2818488D252F2A2D004CA7C5 /* AppDelegate.swift in Sources */,
				2818488F252F2A2D004CA7C5 /* SceneDelegate.swift in Sources */,
			);
			runOnlyForDeploymentPostprocessing = 0;
		};
		2818489B252F2A30004CA7C5 /* Sources */ = {
			isa = PBXSourcesBuildPhase;
			buildActionMask = 2147483647;
			files = (
				281848A4252F2A30004CA7C5 /* CW6___TrackListAppTests.swift in Sources */,
			);
			runOnlyForDeploymentPostprocessing = 0;
		};
		281848A6252F2A30004CA7C5 /* Sources */ = {
			isa = PBXSourcesBuildPhase;
			buildActionMask = 2147483647;
			files = (
				281848AF252F2A30004CA7C5 /* CW6___TrackListAppUITests.swift in Sources */,
			);
			runOnlyForDeploymentPostprocessing = 0;
		};
/* End PBXSourcesBuildPhase section */

/* Begin PBXTargetDependency section */
		281848A1252F2A30004CA7C5 /* PBXTargetDependency */ = {
			isa = PBXTargetDependency;
			target = 28184888252F2A2D004CA7C5 /* CW6 - TrackListApp */;
			targetProxy = 281848A0252F2A30004CA7C5 /* PBXContainerItemProxy */;
		};
		281848AC252F2A30004CA7C5 /* PBXTargetDependency */ = {
			isa = PBXTargetDependency;
			target = 28184888252F2A2D004CA7C5 /* CW6 - TrackListApp */;
			targetProxy = 281848AB252F2A30004CA7C5 /* PBXContainerItemProxy */;
		};
/* End PBXTargetDependency section */

/* Begin PBXVariantGroup section */
		28184892252F2A2D004CA7C5 /* Main.storyboard */ = {
			isa = PBXVariantGroup;
			children = (
				28184893252F2A2D004CA7C5 /* Base */,
			);
			name = Main.storyboard;
			sourceTree = "<group>";
		};
		28184897252F2A30004CA7C5 /* LaunchScreen.storyboard */ = {
			isa = PBXVariantGroup;
			children = (
				28184898252F2A30004CA7C5 /* Base */,
			);
			name = LaunchScreen.storyboard;
			sourceTree = "<group>";
		};
/* End PBXVariantGroup section */

/* Begin XCBuildConfiguration section */
		281848B1252F2A30004CA7C5 /* Debug */ = {
			isa = XCBuildConfiguration;
			buildSettings = {
				ALWAYS_SEARCH_USER_PATHS = NO;
				CLANG_ANALYZER_NONNULL = YES;
				CLANG_ANALYZER_NUMBER_OBJECT_CONVERSION = YES_AGGRESSIVE;
				CLANG_CXX_LANGUAGE_STANDARD = "gnu++14";
				CLANG_CXX_LIBRARY = "libc++";
				CLANG_ENABLE_MODULES = YES;
				CLANG_ENABLE_OBJC_ARC = YES;
				CLANG_ENABLE_OBJC_WEAK = YES;
				CLANG_WARN_BLOCK_CAPTURE_AUTORELEASING = YES;
				CLANG_WARN_BOOL_CONVERSION = YES;
				CLANG_WARN_COMMA = YES;
				CLANG_WARN_CONSTANT_CONVERSION = YES;
				CLANG_WARN_DEPRECATED_OBJC_IMPLEMENTATIONS = YES;
				CLANG_WARN_DIRECT_OBJC_ISA_USAGE = YES_ERROR;
				CLANG_WARN_DOCUMENTATION_COMMENTS = YES;
				CLANG_WARN_EMPTY_BODY = YES;
				CLANG_WARN_ENUM_CONVERSION = YES;
				CLANG_WARN_INFINITE_RECURSION = YES;
				CLANG_WARN_INT_CONVERSION = YES;
				CLANG_WARN_NON_LITERAL_NULL_CONVERSION = YES;
				CLANG_WARN_OBJC_IMPLICIT_RETAIN_SELF = YES;
				CLANG_WARN_OBJC_LITERAL_CONVERSION = YES;
				CLANG_WARN_OBJC_ROOT_CLASS = YES_ERROR;
				CLANG_WARN_QUOTED_INCLUDE_IN_FRAMEWORK_HEADER = YES;
				CLANG_WARN_RANGE_LOOP_ANALYSIS = YES;
				CLANG_WARN_STRICT_PROTOTYPES = YES;
				CLANG_WARN_SUSPICIOUS_MOVE = YES;
				CLANG_WARN_UNGUARDED_AVAILABILITY = YES_AGGRESSIVE;
				CLANG_WARN_UNREACHABLE_CODE = YES;
				CLANG_WARN__DUPLICATE_METHOD_MATCH = YES;
				COPY_PHASE_STRIP = NO;
				DEBUG_INFORMATION_FORMAT = dwarf;
				ENABLE_STRICT_OBJC_MSGSEND = YES;
				ENABLE_TESTABILITY = YES;
				GCC_C_LANGUAGE_STANDARD = gnu11;
				GCC_DYNAMIC_NO_PIC = NO;
				GCC_NO_COMMON_BLOCKS = YES;
				GCC_OPTIMIZATION_LEVEL = 0;
				GCC_PREPROCESSOR_DEFINITIONS = (
					"DEBUG=1",
					"$(inherited)",
				);
				GCC_WARN_64_TO_32_BIT_CONVERSION = YES;
				GCC_WARN_ABOUT_RETURN_TYPE = YES_ERROR;
				GCC_WARN_UNDECLARED_SELECTOR = YES;
				GCC_WARN_UNINITIALIZED_AUTOS = YES_AGGRESSIVE;
				GCC_WARN_UNUSED_FUNCTION = YES;
				GCC_WARN_UNUSED_VARIABLE = YES;
				IPHONEOS_DEPLOYMENT_TARGET = 14.0;
				MTL_ENABLE_DEBUG_INFO = INCLUDE_SOURCE;
				MTL_FAST_MATH = YES;
				ONLY_ACTIVE_ARCH = YES;
				SDKROOT = iphoneos;
				SWIFT_ACTIVE_COMPILATION_CONDITIONS = DEBUG;
				SWIFT_OPTIMIZATION_LEVEL = "-Onone";
			};
			name = Debug;
		};
		281848B2252F2A30004CA7C5 /* Release */ = {
			isa = XCBuildConfiguration;
			buildSettings = {
				ALWAYS_SEARCH_USER_PATHS = NO;
				CLANG_ANALYZER_NONNULL = YES;
				CLANG_ANALYZER_NUMBER_OBJECT_CONVERSION = YES_AGGRESSIVE;
				CLANG_CXX_LANGUAGE_STANDARD = "gnu++14";
				CLANG_CXX_LIBRARY = "libc++";
				CLANG_ENABLE_MODULES = YES;
				CLANG_ENABLE_OBJC_ARC = YES;
				CLANG_ENABLE_OBJC_WEAK = YES;
				CLANG_WARN_BLOCK_CAPTURE_AUTORELEASING = YES;
				CLANG_WARN_BOOL_CONVERSION = YES;
				CLANG_WARN_COMMA = YES;
				CLANG_WARN_CONSTANT_CONVERSION = YES;
				CLANG_WARN_DEPRECATED_OBJC_IMPLEMENTATIONS = YES;
				CLANG_WARN_DIRECT_OBJC_ISA_USAGE = YES_ERROR;
				CLANG_WARN_DOCUMENTATION_COMMENTS = YES;
				CLANG_WARN_EMPTY_BODY = YES;
				CLANG_WARN_ENUM_CONVERSION = YES;
				CLANG_WARN_INFINITE_RECURSION = YES;
				CLANG_WARN_INT_CONVERSION = YES;
				CLANG_WARN_NON_LITERAL_NULL_CONVERSION = YES;
				CLANG_WARN_OBJC_IMPLICIT_RETAIN_SELF = YES;
				CLANG_WARN_OBJC_LITERAL_CONVERSION = YES;
				CLANG_WARN_OBJC_ROOT_CLASS = YES_ERROR;
				CLANG_WARN_QUOTED_INCLUDE_IN_FRAMEWORK_HEADER = YES;
				CLANG_WARN_RANGE_LOOP_ANALYSIS = YES;
				CLANG_WARN_STRICT_PROTOTYPES = YES;
				CLANG_WARN_SUSPICIOUS_MOVE = YES;
				CLANG_WARN_UNGUARDED_AVAILABILITY = YES_AGGRESSIVE;
				CLANG_WARN_UNREACHABLE_CODE = YES;
				CLANG_WARN__DUPLICATE_METHOD_MATCH = YES;
				COPY_PHASE_STRIP = NO;
				DEBUG_INFORMATION_FORMAT = "dwarf-with-dsym";
				ENABLE_NS_ASSERTIONS = NO;
				ENABLE_STRICT_OBJC_MSGSEND = YES;
				GCC_C_LANGUAGE_STANDARD = gnu11;
				GCC_NO_COMMON_BLOCKS = YES;
				GCC_WARN_64_TO_32_BIT_CONVERSION = YES;
				GCC_WARN_ABOUT_RETURN_TYPE = YES_ERROR;
				GCC_WARN_UNDECLARED_SELECTOR = YES;
				GCC_WARN_UNINITIALIZED_AUTOS = YES_AGGRESSIVE;
				GCC_WARN_UNUSED_FUNCTION = YES;
				GCC_WARN_UNUSED_VARIABLE = YES;
				IPHONEOS_DEPLOYMENT_TARGET = 14.0;
				MTL_ENABLE_DEBUG_INFO = NO;
				MTL_FAST_MATH = YES;
				SDKROOT = iphoneos;
				SWIFT_COMPILATION_MODE = wholemodule;
				SWIFT_OPTIMIZATION_LEVEL = "-O";
				VALIDATE_PRODUCT = YES;
			};
			name = Release;
		};
		281848B4252F2A30004CA7C5 /* Debug */ = {
			isa = XCBuildConfiguration;
			buildSettings = {
				ASSETCATALOG_COMPILER_APPICON_NAME = AppIcon;
				ASSETCATALOG_COMPILER_GLOBAL_ACCENT_COLOR_NAME = AccentColor;
				CODE_SIGN_STYLE = Automatic;
				DEVELOPMENT_TEAM = P6332547AA;
				INFOPLIST_FILE = "CW6 - TrackListApp/Info.plist";
				LD_RUNPATH_SEARCH_PATHS = (
					"$(inherited)",
					"@executable_path/Frameworks",
				);
				PRODUCT_BUNDLE_IDENTIFIER = "com.tkachenkosj.CW6---TrackListApp";
				PRODUCT_NAME = "$(TARGET_NAME)";
				SWIFT_VERSION = 5.0;
				TARGETED_DEVICE_FAMILY = "1,2";
			};
			name = Debug;
		};
		281848B5252F2A30004CA7C5 /* Release */ = {
			isa = XCBuildConfiguration;
			buildSettings = {
				ASSETCATALOG_COMPILER_APPICON_NAME = AppIcon;
				ASSETCATALOG_COMPILER_GLOBAL_ACCENT_COLOR_NAME = AccentColor;
				CODE_SIGN_STYLE = Automatic;
				DEVELOPMENT_TEAM = P6332547AA;
				INFOPLIST_FILE = "CW6 - TrackListApp/Info.plist";
				LD_RUNPATH_SEARCH_PATHS = (
					"$(inherited)",
					"@executable_path/Frameworks",
				);
				PRODUCT_BUNDLE_IDENTIFIER = "com.tkachenkosj.CW6---TrackListApp";
				PRODUCT_NAME = "$(TARGET_NAME)";
				SWIFT_VERSION = 5.0;
				TARGETED_DEVICE_FAMILY = "1,2";
			};
			name = Release;
		};
		281848B7252F2A30004CA7C5 /* Debug */ = {
			isa = XCBuildConfiguration;
			buildSettings = {
				ALWAYS_EMBED_SWIFT_STANDARD_LIBRARIES = YES;
				BUNDLE_LOADER = "$(TEST_HOST)";
				CODE_SIGN_STYLE = Automatic;
				DEVELOPMENT_TEAM = P6332547AA;
				INFOPLIST_FILE = "CW6 - TrackListAppTests/Info.plist";
				IPHONEOS_DEPLOYMENT_TARGET = 14.0;
				LD_RUNPATH_SEARCH_PATHS = (
					"$(inherited)",
					"@executable_path/Frameworks",
					"@loader_path/Frameworks",
				);
				PRODUCT_BUNDLE_IDENTIFIER = "com.tkachenkosj.CW6---TrackListAppTests";
				PRODUCT_NAME = "$(TARGET_NAME)";
				SWIFT_VERSION = 5.0;
				TARGETED_DEVICE_FAMILY = "1,2";
				TEST_HOST = "$(BUILT_PRODUCTS_DIR)/CW6 - TrackListApp.app/CW6 - TrackListApp";
			};
			name = Debug;
		};
		281848B8252F2A30004CA7C5 /* Release */ = {
			isa = XCBuildConfiguration;
			buildSettings = {
				ALWAYS_EMBED_SWIFT_STANDARD_LIBRARIES = YES;
				BUNDLE_LOADER = "$(TEST_HOST)";
				CODE_SIGN_STYLE = Automatic;
				DEVELOPMENT_TEAM = P6332547AA;
				INFOPLIST_FILE = "CW6 - TrackListAppTests/Info.plist";
				IPHONEOS_DEPLOYMENT_TARGET = 14.0;
				LD_RUNPATH_SEARCH_PATHS = (
					"$(inherited)",
					"@executable_path/Frameworks",
					"@loader_path/Frameworks",
				);
				PRODUCT_BUNDLE_IDENTIFIER = "com.tkachenkosj.CW6---TrackListAppTests";
				PRODUCT_NAME = "$(TARGET_NAME)";
				SWIFT_VERSION = 5.0;
				TARGETED_DEVICE_FAMILY = "1,2";
				TEST_HOST = "$(BUILT_PRODUCTS_DIR)/CW6 - TrackListApp.app/CW6 - TrackListApp";
			};
			name = Release;
		};
		281848BA252F2A30004CA7C5 /* Debug */ = {
			isa = XCBuildConfiguration;
			buildSettings = {
				ALWAYS_EMBED_SWIFT_STANDARD_LIBRARIES = YES;
				CODE_SIGN_STYLE = Automatic;
				DEVELOPMENT_TEAM = P6332547AA;
				INFOPLIST_FILE = "CW6 - TrackListAppUITests/Info.plist";
				LD_RUNPATH_SEARCH_PATHS = (
					"$(inherited)",
					"@executable_path/Frameworks",
					"@loader_path/Frameworks",
				);
				PRODUCT_BUNDLE_IDENTIFIER = "com.tkachenkosj.CW6---TrackListAppUITests";
				PRODUCT_NAME = "$(TARGET_NAME)";
				SWIFT_VERSION = 5.0;
				TARGETED_DEVICE_FAMILY = "1,2";
				TEST_TARGET_NAME = "CW6 - TrackListApp";
			};
			name = Debug;
		};
		281848BB252F2A30004CA7C5 /* Release */ = {
			isa = XCBuildConfiguration;
			buildSettings = {
				ALWAYS_EMBED_SWIFT_STANDARD_LIBRARIES = YES;
				CODE_SIGN_STYLE = Automatic;
				DEVELOPMENT_TEAM = P6332547AA;
				INFOPLIST_FILE = "CW6 - TrackListAppUITests/Info.plist";
				LD_RUNPATH_SEARCH_PATHS = (
					"$(inherited)",
					"@executable_path/Frameworks",
					"@loader_path/Frameworks",
				);
				PRODUCT_BUNDLE_IDENTIFIER = "com.tkachenkosj.CW6---TrackListAppUITests";
				PRODUCT_NAME = "$(TARGET_NAME)";
				SWIFT_VERSION = 5.0;
				TARGETED_DEVICE_FAMILY = "1,2";
				TEST_TARGET_NAME = "CW6 - TrackListApp";
			};
			name = Release;
		};
/* End XCBuildConfiguration section */

/* Begin XCConfigurationList section */
		28184884252F2A2D004CA7C5 /* Build configuration list for PBXProject "CW6 - TrackListApp" */ = {
			isa = XCConfigurationList;
			buildConfigurations = (
				281848B1252F2A30004CA7C5 /* Debug */,
				281848B2252F2A30004CA7C5 /* Release */,
			);
			defaultConfigurationIsVisible = 0;
			defaultConfigurationName = Release;
		};
		281848B3252F2A30004CA7C5 /* Build configuration list for PBXNativeTarget "CW6 - TrackListApp" */ = {
			isa = XCConfigurationList;
			buildConfigurations = (
				281848B4252F2A30004CA7C5 /* Debug */,
				281848B5252F2A30004CA7C5 /* Release */,
			);
			defaultConfigurationIsVisible = 0;
			defaultConfigurationName = Release;
		};
		281848B6252F2A30004CA7C5 /* Build configuration list for PBXNativeTarget "CW6 - TrackListAppTests" */ = {
			isa = XCConfigurationList;
			buildConfigurations = (
				281848B7252F2A30004CA7C5 /* Debug */,
				281848B8252F2A30004CA7C5 /* Release */,
			);
			defaultConfigurationIsVisible = 0;
			defaultConfigurationName = Release;
		};
		281848B9252F2A30004CA7C5 /* Build configuration list for PBXNativeTarget "CW6 - TrackListAppUITests" */ = {
			isa = XCConfigurationList;
			buildConfigurations = (
				281848BA252F2A30004CA7C5 /* Debug */,
				281848BB252F2A30004CA7C5 /* Release */,
			);
			defaultConfigurationIsVisible = 0;
			defaultConfigurationName = Release;
		};
/* End XCConfigurationList section */
	};
	rootObject = 28184881252F2A2D004CA7C5 /* Project object */;
}
